
Microsoft Visual Studio Solution File, Format Version 12.00
# Visual Studio Version 16
VisualStudioVersion = 16.0.30011.22
MinimumVisualStudioVersion = 10.0.40219.1
Project("{FAE04EC0-301F-11D3-BF4B-00C04F79EFBC}") = "Client", "Client\Client.csproj", "{319119FA-9AD7-4868-9036-75BE5CA6637C}"
EndProject
Project("{FAE04EC0-301F-11D3-BF4B-00C04F79EFBC}") = "Service", "Service\Service.csproj", "{179420C4-E9E3-4B1E-9A6E-BF9665ADBFBB}"
EndProject
Global
	GlobalSection(SolutionConfigurationPlatforms) = preSolution
		Debug|Any CPU = Debug|Any CPU
		Release|Any CPU = Release|Any CPU
	EndGlobalSection
	GlobalSection(ProjectConfigurationPlatforms) = postSolution
		{319119FA-9AD7-4868-9036-75BE5CA6637C}.Debug|Any CPU.ActiveCfg = Debug|Any CPU
		{319119FA-9AD7-4868-9036-75BE5CA6637C}.Debug|Any CPU.Build.0 = Debug|Any CPU
		{319119FA-9AD7-4868-9036-75BE5CA6637C}.Release|Any CPU.ActiveCfg = Release|Any CPU
		{319119FA-9AD7-4868-9036-75BE5CA6637C}.Release|Any CPU.Build.0 = Release|Any CPU
		{179420C4-E9E3-4B1E-9A6E-BF9665ADBFBB}.Debug|Any CPU.ActiveCfg = Debug|Any CPU
		{179420C4-E9E3-4B1E-9A6E-BF9665ADBFBB}.Debug|Any CPU.Build.0 = Debug|Any CPU
		{179420C4-E9E3-4B1E-9A6E-BF9665ADBFBB}.Release|Any CPU.ActiveCfg = Release|Any CPU
		{179420C4-E9E3-4B1E-9A6E-BF9665ADBFBB}.Release|Any CPU.Build.0 = Release|Any CPU
	EndGlobalSection
	GlobalSection(SolutionProperties) = preSolution
		HideSolutionNode = FALSE
	EndGlobalSection
	GlobalSection(ExtensibilityGlobals) = postSolution
		SolutionGuid = {709F6023-17AE-4FA7-A95C-E3C1107F23BA}
	EndGlobalSection
EndGlobal
